
Microsoft Visual Studio Solution File, Format Version 12.00
# Visual Studio Version 16
VisualStudioVersion = 16.0.30406.217
MinimumVisualStudioVersion = 10.0.40219.1
Project("{FAE04EC0-301F-11D3-BF4B-00C04F79EFBC}") = "CRUDWithImagesInMVC", "CRUDWithImagesInMVC\CRUDWithImagesInMVC.csproj", "{67047C85-C6DB-4DCE-BD52-1316A9CBDD3B}"
EndProject
Global
	GlobalSection(SolutionConfigurationPlatforms) = preSolution
		Debug|Any CPU = Debug|Any CPU
		Release|Any CPU = Release|Any CPU
	EndGlobalSection
	GlobalSection(ProjectConfigurationPlatforms) = postSolution
		{67047C85-C6DB-4DCE-BD52-1316A9CBDD3B}.Debug|Any CPU.ActiveCfg = Debug|Any CPU
		{67047C85-C6DB-4DCE-BD52-1316A9CBDD3B}.Debug|Any CPU.Build.0 = Debug|Any CPU
		{67047C85-C6DB-4DCE-BD52-1316A9CBDD3B}.Release|Any CPU.ActiveCfg = Release|Any CPU
		{67047C85-C6DB-4DCE-BD52-1316A9CBDD3B}.Release|Any CPU.Build.0 = Release|Any CPU
	EndGlobalSection
	GlobalSection(SolutionProperties) = preSolution
		HideSolutionNode = FALSE
	EndGlobalSection
	GlobalSection(ExtensibilityGlobals) = postSolution
		SolutionGuid = {06B48D7B-AB34-4435-8FDF-49207C5D9918}
	EndGlobalSection
EndGlobal
